# This file is automatically @generated by Cargo.
# It is not intended for manual editing.
# This file is automatically generated and should not be edited manually. It contains the exact versions of dependencies used in the project to ensure reproducibility.
version = 4

[[package]]
name = "vec_plus"
version = "0.1.0"
